
Microsoft Visual Studio Solution File, Format Version 12.00
# Visual Studio 15
VisualStudioVersion = 15.0.27130.2027
MinimumVisualStudioVersion = 10.0.40219.1
Project("{FAE04EC0-301F-11D3-BF4B-00C04F79EFBC}") = "KauffmanLibrary", "KauffmanLibrary\KauffmanLibrary.csproj", "{62781BEA-C7B2-41EE-B03E-D696E0C0D951}"
EndProject
Global
	GlobalSection(SolutionConfigurationPlatforms) = preSolution
		Debug|Any CPU = Debug|Any CPU
		Release|Any CPU = Release|Any CPU
	EndGlobalSection
	GlobalSection(ProjectConfigurationPlatforms) = postSolution
		{62781BEA-C7B2-41EE-B03E-D696E0C0D951}.Debug|Any CPU.ActiveCfg = Debug|Any CPU
		{62781BEA-C7B2-41EE-B03E-D696E0C0D951}.Debug|Any CPU.Build.0 = Debug|Any CPU
		{62781BEA-C7B2-41EE-B03E-D696E0C0D951}.Release|Any CPU.ActiveCfg = Release|Any CPU
		{62781BEA-C7B2-41EE-B03E-D696E0C0D951}.Release|Any CPU.Build.0 = Release|Any CPU
	EndGlobalSection
	GlobalSection(SolutionProperties) = preSolution
		HideSolutionNode = FALSE
	EndGlobalSection
	GlobalSection(ExtensibilityGlobals) = postSolution
		SolutionGuid = {F8690035-8694-43F4-81E4-89977D5C6E64}
	EndGlobalSection
EndGlobal
